
Microsoft Visual Studio Solution File, Format Version 12.00
# Visual Studio Version 17
VisualStudioVersion = 17.2.32505.173
MinimumVisualStudioVersion = 10.0.40219.1
Project("{9A19103F-16F7-4668-BE54-9A1E7A4F7556}") = "Lab2Sem2_", "2lab\Lab2Sem2_.csproj", "{340DD6D9-A85B-4471-B15C-593EC164770E}"
EndProject
Global
	GlobalSection(SolutionConfigurationPlatforms) = preSolution
		Debug|Any CPU = Debug|Any CPU
		Release|Any CPU = Release|Any CPU
	EndGlobalSection
	GlobalSection(ProjectConfigurationPlatforms) = postSolution
		{340DD6D9-A85B-4471-B15C-593EC164770E}.Debug|Any CPU.ActiveCfg = Debug|Any CPU
		{340DD6D9-A85B-4471-B15C-593EC164770E}.Debug|Any CPU.Build.0 = Debug|Any CPU
		{340DD6D9-A85B-4471-B15C-593EC164770E}.Release|Any CPU.ActiveCfg = Release|Any CPU
		{340DD6D9-A85B-4471-B15C-593EC164770E}.Release|Any CPU.Build.0 = Release|Any CPU
	EndGlobalSection
	GlobalSection(SolutionProperties) = preSolution
		HideSolutionNode = FALSE
	EndGlobalSection
	GlobalSection(ExtensibilityGlobals) = postSolution
		SolutionGuid = {B2AA70AF-0616-496B-8385-F86DF99BA3B2}
	EndGlobalSection
EndGlobal
